
Microsoft Visual Studio Solution File, Format Version 10.00
# Visual Studio 2008
Project("{8BC9CEB8-8B4A-11D0-8D11-00A0C91BC942}") = "AutoRunCE", "AutoRunCE.vcproj", "{A6FA6E84-9392-4116-BC04-4D86037A11EC}"
EndProject
Global
	GlobalSection(SolutionConfigurationPlatforms) = preSolution
		Debug|STANDARDSDK_500 (ARMV4I) = Debug|STANDARDSDK_500 (ARMV4I)
		Debug|STANDARDSDK_500 (MIPSII) = Debug|STANDARDSDK_500 (MIPSII)
		Debug|STANDARDSDK_500 (MIPSII_FP) = Debug|STANDARDSDK_500 (MIPSII_FP)
		Debug|STANDARDSDK_500 (MIPSIV) = Debug|STANDARDSDK_500 (MIPSIV)
		Debug|STANDARDSDK_500 (MIPSIV_FP) = Debug|STANDARDSDK_500 (MIPSIV_FP)
		Debug|STANDARDSDK_500 (SH4) = Debug|STANDARDSDK_500 (SH4)
		Debug|STANDARDSDK_500 (x86) = Debug|STANDARDSDK_500 (x86)
		Debug|Toradex_CE600 (ARMv4I) = Debug|Toradex_CE600 (ARMv4I)
		Debug|Windows Mobile 6 Professional SDK (ARMV4I) = Debug|Windows Mobile 6 Professional SDK (ARMV4I)
		Release|STANDARDSDK_500 (ARMV4I) = Release|STANDARDSDK_500 (ARMV4I)
		Release|STANDARDSDK_500 (MIPSII) = Release|STANDARDSDK_500 (MIPSII)
		Release|STANDARDSDK_500 (MIPSII_FP) = Release|STANDARDSDK_500 (MIPSII_FP)
		Release|STANDARDSDK_500 (MIPSIV) = Release|STANDARDSDK_500 (MIPSIV)
		Release|STANDARDSDK_500 (MIPSIV_FP) = Release|STANDARDSDK_500 (MIPSIV_FP)
		Release|STANDARDSDK_500 (SH4) = Release|STANDARDSDK_500 (SH4)
		Release|STANDARDSDK_500 (x86) = Release|STANDARDSDK_500 (x86)
		Release|Toradex_CE600 (ARMv4I) = Release|Toradex_CE600 (ARMv4I)
		Release|Windows Mobile 6 Professional SDK (ARMV4I) = Release|Windows Mobile 6 Professional SDK (ARMV4I)
	EndGlobalSection
	GlobalSection(ProjectConfigurationPlatforms) = postSolution
		{A6FA6E84-9392-4116-BC04-4D86037A11EC}.Debug|STANDARDSDK_500 (ARMV4I).ActiveCfg = Debug|STANDARDSDK_500 (ARMV4I)
		{A6FA6E84-9392-4116-BC04-4D86037A11EC}.Debug|STANDARDSDK_500 (ARMV4I).Build.0 = Debug|STANDARDSDK_500 (ARMV4I)
		{A6FA6E84-9392-4116-BC04-4D86037A11EC}.Debug|STANDARDSDK_500 (ARMV4I).Deploy.0 = Debug|STANDARDSDK_500 (ARMV4I)
		{A6FA6E84-9392-4116-BC04-4D86037A11EC}.Debug|STANDARDSDK_500 (MIPSII).ActiveCfg = Debug|STANDARDSDK_500 (MIPSII)
		{A6FA6E84-9392-4116-BC04-4D86037A11EC}.Debug|STANDARDSDK_500 (MIPSII).Build.0 = Debug|STANDARDSDK_500 (MIPSII)
		{A6FA6E84-9392-4116-BC04-4D86037A11EC}.Debug|STANDARDSDK_500 (MIPSII).Deploy.0 = Debug|STANDARDSDK_500 (MIPSII)
		{A6FA6E84-9392-4116-BC04-4D86037A11EC}.Debug|STANDARDSDK_500 (MIPSII_FP).ActiveCfg = Debug|STANDARDSDK_500 (MIPSII_FP)
		{A6FA6E84-9392-4116-BC04-4D86037A11EC}.Debug|STANDARDSDK_500 (MIPSII_FP).Build.0 = Debug|STANDARDSDK_500 (MIPSII_FP)
		{A6FA6E84-9392-4116-BC04-4D86037A11EC}.Debug|STANDARDSDK_500 (MIPSII_FP).Deploy.0 = Debug|STANDARDSDK_500 (MIPSII_FP)
		{A6FA6E84-9392-4116-BC04-4D86037A11EC}.Debug|STANDARDSDK_500 (MIPSIV).ActiveCfg = Debug|STANDARDSDK_500 (MIPSIV)
		{A6FA6E84-9392-4116-BC04-4D86037A11EC}.Debug|STANDARDSDK_500 (MIPSIV).Build.0 = Debug|STANDARDSDK_500 (MIPSIV)
		{A6FA6E84-9392-4116-BC04-4D86037A11EC}.Debug|STANDARDSDK_500 (MIPSIV).Deploy.0 = Debug|STANDARDSDK_500 (MIPSIV)
		{A6FA6E84-9392-4116-BC04-4D86037A11EC}.Debug|STANDARDSDK_500 (MIPSIV_FP).ActiveCfg = Debug|STANDARDSDK_500 (MIPSIV_FP)
		{A6FA6E84-9392-4116-BC04-4D86037A11EC}.Debug|STANDARDSDK_500 (MIPSIV_FP).Build.0 = Debug|STANDARDSDK_500 (MIPSIV_FP)
		{A6FA6E84-9392-4116-BC04-4D86037A11EC}.Debug|STANDARDSDK_500 (MIPSIV_FP).Deploy.0 = Debug|STANDARDSDK_500 (MIPSIV_FP)
		{A6FA6E84-9392-4116-BC04-4D86037A11EC}.Debug|STANDARDSDK_500 (SH4).ActiveCfg = Debug|STANDARDSDK_500 (SH4)
		{A6FA6E84-9392-4116-BC04-4D86037A11EC}.Debug|STANDARDSDK_500 (SH4).Build.0 = Debug|STANDARDSDK_500 (SH4)
		{A6FA6E84-9392-4116-BC04-4D86037A11EC}.Debug|STANDARDSDK_500 (SH4).Deploy.0 = Debug|STANDARDSDK_500 (SH4)
		{A6FA6E84-9392-4116-BC04-4D86037A11EC}.Debug|STANDARDSDK_500 (x86).ActiveCfg = Debug|STANDARDSDK_500 (x86)
		{A6FA6E84-9392-4116-BC04-4D86037A11EC}.Debug|STANDARDSDK_500 (x86).Build.0 = Debug|STANDARDSDK_500 (x86)
		{A6FA6E84-9392-4116-BC04-4D86037A11EC}.Debug|STANDARDSDK_500 (x86).Deploy.0 = Debug|STANDARDSDK_500 (x86)
		{A6FA6E84-9392-4116-BC04-4D86037A11EC}.Debug|Toradex_CE600 (ARMv4I).ActiveCfg = Debug|Toradex_CE600 (ARMv4I)
		{A6FA6E84-9392-4116-BC04-4D86037A11EC}.Debug|Toradex_CE600 (ARMv4I).Build.0 = Debug|Toradex_CE600 (ARMv4I)
		{A6FA6E84-9392-4116-BC04-4D86037A11EC}.Debug|Toradex_CE600 (ARMv4I).Deploy.0 = Debug|Toradex_CE600 (ARMv4I)
		{A6FA6E84-9392-4116-BC04-4D86037A11EC}.Debug|Windows Mobile 6 Professional SDK (ARMV4I).ActiveCfg = Debug|STANDARDSDK_500 (ARMV4I)
		{A6FA6E84-9392-4116-BC04-4D86037A11EC}.Debug|Windows Mobile 6 Professional SDK (ARMV4I).Build.0 = Debug|STANDARDSDK_500 (ARMV4I)
		{A6FA6E84-9392-4116-BC04-4D86037A11EC}.Debug|Windows Mobile 6 Professional SDK (ARMV4I).Deploy.0 = Debug|STANDARDSDK_500 (ARMV4I)
		{A6FA6E84-9392-4116-BC04-4D86037A11EC}.Release|STANDARDSDK_500 (ARMV4I).ActiveCfg = Release|STANDARDSDK_500 (ARMV4I)
		{A6FA6E84-9392-4116-BC04-4D86037A11EC}.Release|STANDARDSDK_500 (ARMV4I).Build.0 = Release|STANDARDSDK_500 (ARMV4I)
		{A6FA6E84-9392-4116-BC04-4D86037A11EC}.Release|STANDARDSDK_500 (ARMV4I).Deploy.0 = Release|STANDARDSDK_500 (ARMV4I)
		{A6FA6E84-9392-4116-BC04-4D86037A11EC}.Release|STANDARDSDK_500 (MIPSII).ActiveCfg = Release|STANDARDSDK_500 (MIPSII)
		{A6FA6E84-9392-4116-BC04-4D86037A11EC}.Release|STANDARDSDK_500 (MIPSII).Build.0 = Release|STANDARDSDK_500 (MIPSII)
		{A6FA6E84-9392-4116-BC04-4D86037A11EC}.Release|STANDARDSDK_500 (MIPSII).Deploy.0 = Release|STANDARDSDK_500 (MIPSII)
		{A6FA6E84-9392-4116-BC04-4D86037A11EC}.Release|STANDARDSDK_500 (MIPSII_FP).ActiveCfg = Release|STANDARDSDK_500 (MIPSII_FP)
		{A6FA6E84-9392-4116-BC04-4D86037A11EC}.Release|STANDARDSDK_500 (MIPSII_FP).Build.0 = Release|STANDARDSDK_500 (MIPSII_FP)
		{A6FA6E84-9392-4116-BC04-4D86037A11EC}.Release|STANDARDSDK_500 (MIPSII_FP).Deploy.0 = Release|STANDARDSDK_500 (MIPSII_FP)
		{A6FA6E84-9392-4116-BC04-4D86037A11EC}.Release|STANDARDSDK_500 (MIPSIV).ActiveCfg = Release|STANDARDSDK_500 (MIPSIV)
		{A6FA6E84-9392-4116-BC04-4D86037A11EC}.Release|STANDARDSDK_500 (MIPSIV).Build.0 = Release|STANDARDSDK_500 (MIPSIV)
		{A6FA6E84-9392-4116-BC04-4D86037A11EC}.Release|STANDARDSDK_500 (MIPSIV).Deploy.0 = Release|STANDARDSDK_500 (MIPSIV)
		{A6FA6E84-9392-4116-BC04-4D86037A11EC}.Release|STANDARDSDK_500 (MIPSIV_FP).ActiveCfg = Release|STANDARDSDK_500 (MIPSIV_FP)
		{A6FA6E84-9392-4116-BC04-4D86037A11EC}.Release|STANDARDSDK_500 (MIPSIV_FP).Build.0 = Release|STANDARDSDK_500 (MIPSIV_FP)
		{A6FA6E84-9392-4116-BC04-4D86037A11EC}.Release|STANDARDSDK_500 (MIPSIV_FP).Deploy.0 = Release|STANDARDSDK_500 (MIPSIV_FP)
		{A6FA6E84-9392-4116-BC04-4D86037A11EC}.Release|STANDARDSDK_500 (SH4).ActiveCfg = Release|STANDARDSDK_500 (SH4)
		{A6FA6E84-9392-4116-BC04-4D86037A11EC}.Release|STANDARDSDK_500 (SH4).Build.0 = Release|STANDARDSDK_500 (SH4)
		{A6FA6E84-9392-4116-BC04-4D86037A11EC}.Release|STANDARDSDK_500 (SH4).Deploy.0 = Release|STANDARDSDK_500 (SH4)
		{A6FA6E84-9392-4116-BC04-4D86037A11EC}.Release|STANDARDSDK_500 (x86).ActiveCfg = Release|STANDARDSDK_500 (x86)
		{A6FA6E84-9392-4116-BC04-4D86037A11EC}.Release|STANDARDSDK_500 (x86).Build.0 = Release|STANDARDSDK_500 (x86)
		{A6FA6E84-9392-4116-BC04-4D86037A11EC}.Release|STANDARDSDK_500 (x86).Deploy.0 = Release|STANDARDSDK_500 (x86)
		{A6FA6E84-9392-4116-BC04-4D86037A11EC}.Release|Toradex_CE600 (ARMv4I).ActiveCfg = Release|Toradex_CE600 (ARMv4I)
		{A6FA6E84-9392-4116-BC04-4D86037A11EC}.Release|Toradex_CE600 (ARMv4I).Build.0 = Release|Toradex_CE600 (ARMv4I)
		{A6FA6E84-9392-4116-BC04-4D86037A11EC}.Release|Toradex_CE600 (ARMv4I).Deploy.0 = Release|Toradex_CE600 (ARMv4I)
		{A6FA6E84-9392-4116-BC04-4D86037A11EC}.Release|Windows Mobile 6 Professional SDK (ARMV4I).ActiveCfg = Release|STANDARDSDK_500 (ARMV4I)
		{A6FA6E84-9392-4116-BC04-4D86037A11EC}.Release|Windows Mobile 6 Professional SDK (ARMV4I).Build.0 = Release|STANDARDSDK_500 (ARMV4I)
		{A6FA6E84-9392-4116-BC04-4D86037A11EC}.Release|Windows Mobile 6 Professional SDK (ARMV4I).Deploy.0 = Release|STANDARDSDK_500 (ARMV4I)
	EndGlobalSection
	GlobalSection(SolutionProperties) = preSolution
		HideSolutionNode = FALSE
	EndGlobalSection
EndGlobal
